
Microsoft Visual Studio Solution File, Format Version 12.00
# Visual Studio Version 17
VisualStudioVersion = 17.8.34511.84
MinimumVisualStudioVersion = 10.0.40219.1
Project("{FAE04EC0-301F-11D3-BF4B-00C04F79EFBC}") = "MatrixAreaCounter", "MatrixAreaCounter.csproj", "{6291289D-2CE9-4052-B9EB-F96FF9916B3B}"
EndProject
Global
	GlobalSection(SolutionConfigurationPlatforms) = preSolution
		Debug|Any CPU = Debug|Any CPU
		Release|Any CPU = Release|Any CPU
	EndGlobalSection
	GlobalSection(ProjectConfigurationPlatforms) = postSolution
		{6291289D-2CE9-4052-B9EB-F96FF9916B3B}.Debug|Any CPU.ActiveCfg = Debug|Any CPU
		{6291289D-2CE9-4052-B9EB-F96FF9916B3B}.Debug|Any CPU.Build.0 = Debug|Any CPU
		{6291289D-2CE9-4052-B9EB-F96FF9916B3B}.Release|Any CPU.ActiveCfg = Release|Any CPU
		{6291289D-2CE9-4052-B9EB-F96FF9916B3B}.Release|Any CPU.Build.0 = Release|Any CPU
	EndGlobalSection
	GlobalSection(SolutionProperties) = preSolution
		HideSolutionNode = FALSE
	EndGlobalSection
	GlobalSection(ExtensibilityGlobals) = postSolution
		SolutionGuid = {C799A275-C926-4E39-A866-52C126212F64}
	EndGlobalSection
EndGlobal
